
Microsoft Visual Studio Solution File, Format Version 12.00
# Visual Studio Version 17
VisualStudioVersion = 17.5.33530.505
MinimumVisualStudioVersion = 10.0.40219.1
Project("{FAE04EC0-301F-11D3-BF4B-00C04F79EFBC}") = "DatabaseSchemaMergeHelper", "DatabaseSchemaMergeHelper\DatabaseSchemaMergeHelper.csproj", "{B726E0D0-FB52-446A-9057-ECF00A300A7A}"
EndProject
Global
	GlobalSection(SolutionConfigurationPlatforms) = preSolution
		Debug|Any CPU = Debug|Any CPU
		Release|Any CPU = Release|Any CPU
	EndGlobalSection
	GlobalSection(ProjectConfigurationPlatforms) = postSolution
		{B726E0D0-FB52-446A-9057-ECF00A300A7A}.Debug|Any CPU.ActiveCfg = Debug|Any CPU
		{B726E0D0-FB52-446A-9057-ECF00A300A7A}.Debug|Any CPU.Build.0 = Debug|Any CPU
		{B726E0D0-FB52-446A-9057-ECF00A300A7A}.Release|Any CPU.ActiveCfg = Release|Any CPU
		{B726E0D0-FB52-446A-9057-ECF00A300A7A}.Release|Any CPU.Build.0 = Release|Any CPU
	EndGlobalSection
	GlobalSection(SolutionProperties) = preSolution
		HideSolutionNode = FALSE
	EndGlobalSection
	GlobalSection(ExtensibilityGlobals) = postSolution
		SolutionGuid = {470211C2-89B5-4652-AACF-FED3CBE1C13E}
	EndGlobalSection
EndGlobal
